
Microsoft Visual Studio Solution File, Format Version 12.00
# Visual Studio Version 16
VisualStudioVersion = 16.0.29926.136
MinimumVisualStudioVersion = 10.0.40219.1
Project("{8BC9CEB8-8B4A-11D0-8D11-00A0C91BC942}") = "Full practice + menu", "Full practice + menu\Full practice + menu.vcxproj", "{F72EDB38-B1CB-4125-970C-1D3CC1F68A60}"
EndProject
Global
	GlobalSection(SolutionConfigurationPlatforms) = preSolution
		Debug|x64 = Debug|x64
		Debug|x86 = Debug|x86
		Release|x64 = Release|x64
		Release|x86 = Release|x86
	EndGlobalSection
	GlobalSection(ProjectConfigurationPlatforms) = postSolution
		{F72EDB38-B1CB-4125-970C-1D3CC1F68A60}.Debug|x64.ActiveCfg = Debug|x64
		{F72EDB38-B1CB-4125-970C-1D3CC1F68A60}.Debug|x64.Build.0 = Debug|x64
		{F72EDB38-B1CB-4125-970C-1D3CC1F68A60}.Debug|x86.ActiveCfg = Debug|Win32
		{F72EDB38-B1CB-4125-970C-1D3CC1F68A60}.Debug|x86.Build.0 = Debug|Win32
		{F72EDB38-B1CB-4125-970C-1D3CC1F68A60}.Release|x64.ActiveCfg = Release|x64
		{F72EDB38-B1CB-4125-970C-1D3CC1F68A60}.Release|x64.Build.0 = Release|x64
		{F72EDB38-B1CB-4125-970C-1D3CC1F68A60}.Release|x86.ActiveCfg = Release|Win32
		{F72EDB38-B1CB-4125-970C-1D3CC1F68A60}.Release|x86.Build.0 = Release|Win32
	EndGlobalSection
	GlobalSection(SolutionProperties) = preSolution
		HideSolutionNode = FALSE
	EndGlobalSection
	GlobalSection(ExtensibilityGlobals) = postSolution
		SolutionGuid = {8EF62D2D-9654-40DA-B2B9-6230128B162C}
	EndGlobalSection
EndGlobal
